// !$*UTF8*$!
{
	archiveVersion = 1;
	classes = {
	};
	objectVersion = 46;
	objects = {

/* Begin PBXBuildFile section */
		8B0815031CC2DFEA0006769F /* Set+.swift in Sources */ = {isa = PBXBuildFile; fileRef = 8B0815021CC2DFEA0006769F /* Set+.swift */; };
		8B0815051CC2E59F0006769F /* DataSource.swift in Sources */ = {isa = PBXBuildFile; fileRef = 8B0815041CC2E59F0006769F /* DataSource.swift */; };
		8B0815071CC2E8DD0006769F /* SourceType.swift in Sources */ = {isa = PBXBuildFile; fileRef = 8B0815061CC2E8DD0006769F /* SourceType.swift */; };
		8B0815091CC2EAD40006769F /* DataType.swift in Sources */ = {isa = PBXBuildFile; fileRef = 8B0815081CC2EAD40006769F /* DataType.swift */; };
		8B08150B1CC2F4310006769F /* HandDataSource.swift in Sources */ = {isa = PBXBuildFile; fileRef = 8B08150A1CC2F4310006769F /* HandDataSource.swift */; };
		8B08150D1CC2F68E0006769F /* Card.swift in Sources */ = {isa = PBXBuildFile; fileRef = 8B08150C1CC2F68E0006769F /* Card.swift */; };
		8B334F6B1CC99D2600B2E754 /* CardTests.swift in Sources */ = {isa = PBXBuildFile; fileRef = 8B334F6A1CC99D2600B2E754 /* CardTests.swift */; };
		8B334F6D1CC99EAB00B2E754 /* HandTests.swift in Sources */ = {isa = PBXBuildFile; fileRef = 8B334F6C1CC99EAB00B2E754 /* HandTests.swift */; };
		8B334F751CC9A1EC00B2E754 /* HandDataSourceTests.swift in Sources */ = {isa = PBXBuildFile; fileRef = 8B334F741CC9A1EC00B2E754 /* HandDataSourceTests.swift */; };
		8B46112E1D25F452000880A7 /* Fastfile in Resources */ = {isa = PBXBuildFile; fileRef = 8B46112D1D25F452000880A7 /* Fastfile */; };
		8B4611311D25F4AA000880A7 /* script.sh in Resources */ = {isa = PBXBuildFile; fileRef = 8B4611301D25F4AA000880A7 /* script.sh */; };
		8B4611331D25F4BF000880A7 /* after_success_script.sh in Resources */ = {isa = PBXBuildFile; fileRef = 8B4611321D25F4BF000880A7 /* after_success_script.sh */; };
		8B4AC5961D221E85005EC7A1 /* .travis.yml in Resources */ = {isa = PBXBuildFile; fileRef = 8B4AC5951D221E85005EC7A1 /* .travis.yml */; };
		8B6E737C1CCEA1B500DA42AA /* README.md in Sources */ = {isa = PBXBuildFile; fileRef = 8B6E737B1CCEA1B500DA42AA /* README.md */; };
		8B6E737F1CCEA24300DA42AA /* PlayingHandDemo.gif in Resources */ = {isa = PBXBuildFile; fileRef = 8B6E737D1CCEA24300DA42AA /* PlayingHandDemo.gif */; };
		8B6E73801CCEA24300DA42AA /* PlayingHandTestResults.png in Resources */ = {isa = PBXBuildFile; fileRef = 8B6E737E1CCEA24300DA42AA /* PlayingHandTestResults.png */; };
		8BEFE0C61CC088EF00D65B89 /* AppDelegate.swift in Sources */ = {isa = PBXBuildFile; fileRef = 8BEFE0C51CC088EF00D65B89 /* AppDelegate.swift */; };
		8BEFE0CB1CC088EF00D65B89 /* Main.storyboard in Resources */ = {isa = PBXBuildFile; fileRef = 8BEFE0C91CC088EF00D65B89 /* Main.storyboard */; };
		8BEFE0CD1CC088EF00D65B89 /* Assets.xcassets in Resources */ = {isa = PBXBuildFile; fileRef = 8BEFE0CC1CC088EF00D65B89 /* Assets.xcassets */; };
		8BEFE0D01CC088EF00D65B89 /* LaunchScreen.storyboard in Resources */ = {isa = PBXBuildFile; fileRef = 8BEFE0CE1CC088EF00D65B89 /* LaunchScreen.storyboard */; };
		8BEFE0DB1CC088EF00D65B89 /* PlayingHandTests.swift in Sources */ = {isa = PBXBuildFile; fileRef = 8BEFE0DA1CC088EF00D65B89 /* PlayingHandTests.swift */; };
		8BEFE0E61CC088EF00D65B89 /* PlayingHandUITests.swift in Sources */ = {isa = PBXBuildFile; fileRef = 8BEFE0E51CC088EF00D65B89 /* PlayingHandUITests.swift */; };
		8BEFE0F41CC0891500D65B89 /* HandViewController.swift in Sources */ = {isa = PBXBuildFile; fileRef = 8BEFE0F31CC0891500D65B89 /* HandViewController.swift */; };
		8BEFE0F61CC08D7100D65B89 /* Hand.swift in Sources */ = {isa = PBXBuildFile; fileRef = 8BEFE0F51CC08D7100D65B89 /* Hand.swift */; };
		8BEFE0F81CC098F800D65B89 /* CardCell.swift in Sources */ = {isa = PBXBuildFile; fileRef = 8BEFE0F71CC098F800D65B89 /* CardCell.swift */; };
/* End PBXBuildFile section */

/* Begin PBXContainerItemProxy section */
		8BEFE0D71CC088EF00D65B89 /* PBXContainerItemProxy */ = {
			isa = PBXContainerItemProxy;
			containerPortal = 8BEFE0BA1CC088EE00D65B89 /* Project object */;
			proxyType = 1;
			remoteGlobalIDString = 8BEFE0C11CC088EE00D65B89;
			remoteInfo = PlayingHand;
		};
		8BEFE0E21CC088EF00D65B89 /* PBXContainerItemProxy */ = {
			isa = PBXContainerItemProxy;
			containerPortal = 8BEFE0BA1CC088EE00D65B89 /* Project object */;
			proxyType = 1;
			remoteGlobalIDString = 8BEFE0C11CC088EE00D65B89;
			remoteInfo = PlayingHand;
		};
/* End PBXContainerItemProxy section */

/* Begin PBXFileReference section */
		8B0815021CC2DFEA0006769F /* Set+.swift */ = {isa = PBXFileReference; fileEncoding = 4; lastKnownFileType = sourcecode.swift; path = "Set+.swift"; sourceTree = "<group>"; };
		8B0815041CC2E59F0006769F /* DataSource.swift */ = {isa = PBXFileReference; fileEncoding = 4; lastKnownFileType = sourcecode.swift; path = DataSource.swift; sourceTree = "<group>"; };
		8B0815061CC2E8DD0006769F /* SourceType.swift */ = {isa = PBXFileReference; fileEncoding = 4; lastKnownFileType = sourcecode.swift; path = SourceType.swift; sourceTree = "<group>"; };
		8B0815081CC2EAD40006769F /* DataType.swift */ = {isa = PBXFileReference; fileEncoding = 4; lastKnownFileType = sourcecode.swift; path = DataType.swift; sourceTree = "<group>"; };
		8B08150A1CC2F4310006769F /* HandDataSource.swift */ = {isa = PBXFileReference; fileEncoding = 4; lastKnownFileType = sourcecode.swift; path = HandDataSource.swift; sourceTree = "<group>"; };
		8B08150C1CC2F68E0006769F /* Card.swift */ = {isa = PBXFileReference; fileEncoding = 4; lastKnownFileType = sourcecode.swift; path = Card.swift; sourceTree = "<group>"; };
		8B334F6A1CC99D2600B2E754 /* CardTests.swift */ = {isa = PBXFileReference; fileEncoding = 4; lastKnownFileType = sourcecode.swift; path = CardTests.swift; sourceTree = "<group>"; };
		8B334F6C1CC99EAB00B2E754 /* HandTests.swift */ = {isa = PBXFileReference; fileEncoding = 4; lastKnownFileType = sourcecode.swift; path = HandTests.swift; sourceTree = "<group>"; };
		8B334F741CC9A1EC00B2E754 /* HandDataSourceTests.swift */ = {isa = PBXFileReference; fileEncoding = 4; lastKnownFileType = sourcecode.swift; path = HandDataSourceTests.swift; sourceTree = "<group>"; };
		8B46112D1D25F452000880A7 /* Fastfile */ = {isa = PBXFileReference; fileEncoding = 4; lastKnownFileType = text; name = Fastfile; path = fastlane/Fastfile; sourceTree = "<group>"; };
		8B4611301D25F4AA000880A7 /* script.sh */ = {isa = PBXFileReference; fileEncoding = 4; lastKnownFileType = text.script.sh; name = script.sh; path = travis/script.sh; sourceTree = "<group>"; };
		8B4611321D25F4BF000880A7 /* after_success_script.sh */ = {isa = PBXFileReference; fileEncoding = 4; lastKnownFileType = text.script.sh; name = after_success_script.sh; path = travis/after_success_script.sh; sourceTree = "<group>"; };
		8B4AC5951D221E85005EC7A1 /* .travis.yml */ = {isa = PBXFileReference; fileEncoding = 4; lastKnownFileType = text; path = .travis.yml; sourceTree = "<group>"; };
		8B6E737B1CCEA1B500DA42AA /* README.md */ = {isa = PBXFileReference; fileEncoding = 4; lastKnownFileType = net.daringfireball.markdown; path = README.md; sourceTree = "<group>"; };
		8B6E737D1CCEA24300DA42AA /* PlayingHandDemo.gif */ = {isa = PBXFileReference; lastKnownFileType = image.gif; path = PlayingHandDemo.gif; sourceTree = "<group>"; };
		8B6E737E1CCEA24300DA42AA /* PlayingHandTestResults.png */ = {isa = PBXFileReference; lastKnownFileType = image.png; path = PlayingHandTestResults.png; sourceTree = "<group>"; };
		8BEFE0C21CC088EF00D65B89 /* PlayingHand.app */ = {isa = PBXFileReference; explicitFileType = wrapper.application; includeInIndex = 0; path = PlayingHand.app; sourceTree = BUILT_PRODUCTS_DIR; };
		8BEFE0C51CC088EF00D65B89 /* AppDelegate.swift */ = {isa = PBXFileReference; lastKnownFileType = sourcecode.swift; path = AppDelegate.swift; sourceTree = "<group>"; };
		8BEFE0CA1CC088EF00D65B89 /* Base */ = {isa = PBXFileReference; lastKnownFileType = file.storyboard; name = Base; path = Base.lproj/Main.storyboard; sourceTree = "<group>"; };
		8BEFE0CC1CC088EF00D65B89 /* Assets.xcassets */ = {isa = PBXFileReference; lastKnownFileType = folder.assetcatalog; path = Assets.xcassets; sourceTree = "<group>"; };
		8BEFE0CF1CC088EF00D65B89 /* Base */ = {isa = PBXFileReference; lastKnownFileType = file.storyboard; name = Base; path = Base.lproj/LaunchScreen.storyboard; sourceTree = "<group>"; };
		8BEFE0D11CC088EF00D65B89 /* Info.plist */ = {isa = PBXFileReference; lastKnownFileType = text.plist.xml; path = Info.plist; sourceTree = "<group>"; };
		8BEFE0D61CC088EF00D65B89 /* PlayingHandTests.xctest */ = {isa = PBXFileReference; explicitFileType = wrapper.cfbundle; includeInIndex = 0; path = PlayingHandTests.xctest; sourceTree = BUILT_PRODUCTS_DIR; };
		8BEFE0DA1CC088EF00D65B89 /* PlayingHandTests.swift */ = {isa = PBXFileReference; lastKnownFileType = sourcecode.swift; path = PlayingHandTests.swift; sourceTree = "<group>"; };
		8BEFE0DC1CC088EF00D65B89 /* Info.plist */ = {isa = PBXFileReference; lastKnownFileType = text.plist.xml; path = Info.plist; sourceTree = "<group>"; };
		8BEFE0E11CC088EF00D65B89 /* PlayingHandUITests.xctest */ = {isa = PBXFileReference; explicitFileType = wrapper.cfbundle; includeInIndex = 0; path = PlayingHandUITests.xctest; sourceTree = BUILT_PRODUCTS_DIR; };
		8BEFE0E51CC088EF00D65B89 /* PlayingHandUITests.swift */ = {isa = PBXFileReference; lastKnownFileType = sourcecode.swift; path = PlayingHandUITests.swift; sourceTree = "<group>"; };
		8BEFE0E71CC088EF00D65B89 /* Info.plist */ = {isa = PBXFileReference; lastKnownFileType = text.plist.xml; path = Info.plist; sourceTree = "<group>"; };
		8BEFE0F31CC0891500D65B89 /* HandViewController.swift */ = {isa = PBXFileReference; fileEncoding = 4; lastKnownFileType = sourcecode.swift; path = HandViewController.swift; sourceTree = "<group>"; };
		8BEFE0F51CC08D7100D65B89 /* Hand.swift */ = {isa = PBXFileReference; fileEncoding = 4; lastKnownFileType = sourcecode.swift; path = Hand.swift; sourceTree = "<group>"; };
		8BEFE0F71CC098F800D65B89 /* CardCell.swift */ = {isa = PBXFileReference; fileEncoding = 4; lastKnownFileType = sourcecode.swift; path = CardCell.swift; sourceTree = "<group>"; };
/* End PBXFileReference section */

/* Begin PBXFrameworksBuildPhase section */
		8BEFE0BF1CC088EE00D65B89 /* Frameworks */ = {
			isa = PBXFrameworksBuildPhase;
			buildActionMask = 2147483647;
			files = (
			);
			runOnlyForDeploymentPostprocessing = 0;
		};
		8BEFE0D31CC088EF00D65B89 /* Frameworks */ = {
			isa = PBXFrameworksBuildPhase;
			buildActionMask = 2147483647;
			files = (
			);
			runOnlyForDeploymentPostprocessing = 0;
		};
		8BEFE0DE1CC088EF00D65B89 /* Frameworks */ = {
			isa = PBXFrameworksBuildPhase;
			buildActionMask = 2147483647;
			files = (
			);
			runOnlyForDeploymentPostprocessing = 0;
		};
/* End PBXFrameworksBuildPhase section */

/* Begin PBXGroup section */
		8B334F6E1CC9A00700B2E754 /* Extensions */ = {
			isa = PBXGroup;
			children = (
				8B0815021CC2DFEA0006769F /* Set+.swift */,
			);
			name = Extensions;
			sourceTree = "<group>";
		};
		8B334F6F1CC9A02C00B2E754 /* Controllers */ = {
			isa = PBXGroup;
			children = (
				8BEFE0F31CC0891500D65B89 /* HandViewController.swift */,
			);
			name = Controllers;
			sourceTree = "<group>";
		};
		8B334F701CC9A03D00B2E754 /* Support */ = {
			isa = PBXGroup;
			children = (
				8BEFE0C51CC088EF00D65B89 /* AppDelegate.swift */,
				8BEFE0C91CC088EF00D65B89 /* Main.storyboard */,
				8BEFE0CC1CC088EF00D65B89 /* Assets.xcassets */,
				8BEFE0CE1CC088EF00D65B89 /* LaunchScreen.storyboard */,
				8BEFE0D11CC088EF00D65B89 /* Info.plist */,
			);
			name = Support;
			sourceTree = "<group>";
		};
		8B334F711CC9A05200B2E754 /* DataSource */ = {
			isa = PBXGroup;
			children = (
				8B0815061CC2E8DD0006769F /* SourceType.swift */,
				8B0815041CC2E59F0006769F /* DataSource.swift */,
				8B08150A1CC2F4310006769F /* HandDataSource.swift */,
			);
			name = DataSource;
			sourceTree = "<group>";
		};
		8B334F721CC9A06D00B2E754 /* Views */ = {
			isa = PBXGroup;
			children = (
				8BEFE0F71CC098F800D65B89 /* CardCell.swift */,
			);
			name = Views;
			sourceTree = "<group>";
		};
		8B334F731CC9A08000B2E754 /* Models */ = {
			isa = PBXGroup;
			children = (
				8B0815081CC2EAD40006769F /* DataType.swift */,
				8BEFE0F51CC08D7100D65B89 /* Hand.swift */,
				8B08150C1CC2F68E0006769F /* Card.swift */,
			);
			name = Models;
			sourceTree = "<group>";
		};
		8B46112F1D25F491000880A7 /* fastlane */ = {
			isa = PBXGroup;
			children = (
				8B46112D1D25F452000880A7 /* Fastfile */,
			);
			name = fastlane;
			sourceTree = "<group>";
		};
		8B4611341D25F4CD000880A7 /* travis */ = {
			isa = PBXGroup;
			children = (
				8B4611301D25F4AA000880A7 /* script.sh */,
				8B4611321D25F4BF000880A7 /* after_success_script.sh */,
			);
			name = travis;
			sourceTree = "<group>";
		};
		8BEFE0B91CC088EE00D65B89 = {
			isa = PBXGroup;
			children = (
				8B6E737B1CCEA1B500DA42AA /* README.md */,
				8B4611341D25F4CD000880A7 /* travis */,
				8B46112F1D25F491000880A7 /* fastlane */,
				8B4AC5951D221E85005EC7A1 /* .travis.yml */,
				8B6E737D1CCEA24300DA42AA /* PlayingHandDemo.gif */,
				8B6E737E1CCEA24300DA42AA /* PlayingHandTestResults.png */,
				8BEFE0C41CC088EF00D65B89 /* PlayingHand */,
				8BEFE0D91CC088EF00D65B89 /* PlayingHandTests */,
				8BEFE0E41CC088EF00D65B89 /* PlayingHandUITests */,
				8BEFE0C31CC088EF00D65B89 /* Products */,
			);
			sourceTree = "<group>";
		};
		8BEFE0C31CC088EF00D65B89 /* Products */ = {
			isa = PBXGroup;
			children = (
				8BEFE0C21CC088EF00D65B89 /* PlayingHand.app */,
				8BEFE0D61CC088EF00D65B89 /* PlayingHandTests.xctest */,
				8BEFE0E11CC088EF00D65B89 /* PlayingHandUITests.xctest */,
			);
			name = Products;
			sourceTree = "<group>";
		};
		8BEFE0C41CC088EF00D65B89 /* PlayingHand */ = {
			isa = PBXGroup;
			children = (
				8B334F701CC9A03D00B2E754 /* Support */,
				8B334F6F1CC9A02C00B2E754 /* Controllers */,
				8B334F711CC9A05200B2E754 /* DataSource */,
				8B334F731CC9A08000B2E754 /* Models */,
				8B334F721CC9A06D00B2E754 /* Views */,
				8B334F6E1CC9A00700B2E754 /* Extensions */,
			);
			path = PlayingHand;
			sourceTree = "<group>";
		};
		8BEFE0D91CC088EF00D65B89 /* PlayingHandTests */ = {
			isa = PBXGroup;
			children = (
				8B334F741CC9A1EC00B2E754 /* HandDataSourceTests.swift */,
				8B334F6C1CC99EAB00B2E754 /* HandTests.swift */,
				8B334F6A1CC99D2600B2E754 /* CardTests.swift */,
				8BEFE0DA1CC088EF00D65B89 /* PlayingHandTests.swift */,
				8BEFE0DC1CC088EF00D65B89 /* Info.plist */,
			);
			path = PlayingHandTests;
			sourceTree = "<group>";
		};
		8BEFE0E41CC088EF00D65B89 /* PlayingHandUITests */ = {
			isa = PBXGroup;
			children = (
				8BEFE0E51CC088EF00D65B89 /* PlayingHandUITests.swift */,
				8BEFE0E71CC088EF00D65B89 /* Info.plist */,
			);
			path = PlayingHandUITests;
			sourceTree = "<group>";
		};
/* End PBXGroup section */

/* Begin PBXNativeTarget section */
		8BEFE0C11CC088EE00D65B89 /* PlayingHand */ = {
			isa = PBXNativeTarget;
			buildConfigurationList = 8BEFE0EA1CC088EF00D65B89 /* Build configuration list for PBXNativeTarget "PlayingHand" */;
			buildPhases = (
				8BEFE0BE1CC088EE00D65B89 /* Sources */,
				8BEFE0BF1CC088EE00D65B89 /* Frameworks */,
				8BEFE0C01CC088EE00D65B89 /* Resources */,
			);
			buildRules = (
			);
			dependencies = (
			);
			name = PlayingHand;
			productName = PlayingHand;
			productReference = 8BEFE0C21CC088EF00D65B89 /* PlayingHand.app */;
			productType = "com.apple.product-type.application";
		};
		8BEFE0D51CC088EF00D65B89 /* PlayingHandTests */ = {
			isa = PBXNativeTarget;
			buildConfigurationList = 8BEFE0ED1CC088EF00D65B89 /* Build configuration list for PBXNativeTarget "PlayingHandTests" */;
			buildPhases = (
				8BEFE0D21CC088EF00D65B89 /* Sources */,
				8BEFE0D31CC088EF00D65B89 /* Frameworks */,
				8BEFE0D41CC088EF00D65B89 /* Resources */,
			);
			buildRules = (
			);
			dependencies = (
				8BEFE0D81CC088EF00D65B89 /* PBXTargetDependency */,
			);
			name = PlayingHandTests;
			productName = PlayingHandTests;
			productReference = 8BEFE0D61CC088EF00D65B89 /* PlayingHandTests.xctest */;
			productType = "com.apple.product-type.bundle.unit-test";
		};
		8BEFE0E01CC088EF00D65B89 /* PlayingHandUITests */ = {
			isa = PBXNativeTarget;
			buildConfigurationList = 8BEFE0F01CC088EF00D65B89 /* Build configuration list for PBXNativeTarget "PlayingHandUITests" */;
			buildPhases = (
				8BEFE0DD1CC088EF00D65B89 /* Sources */,
				8BEFE0DE1CC088EF00D65B89 /* Frameworks */,
				8BEFE0DF1CC088EF00D65B89 /* Resources */,
			);
			buildRules = (
			);
			dependencies = (
				8BEFE0E31CC088EF00D65B89 /* PBXTargetDependency */,
			);
			name = PlayingHandUITests;
			productName = PlayingHandUITests;
			productReference = 8BEFE0E11CC088EF00D65B89 /* PlayingHandUITests.xctest */;
			productType = "com.apple.product-type.bundle.ui-testing";
		};
/* End PBXNativeTarget section */

/* Begin PBXProject section */
		8BEFE0BA1CC088EE00D65B89 /* Project object */ = {
			isa = PBXProject;
			attributes = {
				LastSwiftUpdateCheck = 0730;
				LastUpgradeCheck = 0730;
				ORGANIZATIONNAME = "Thinh Luong";
				TargetAttributes = {
					8BEFE0C11CC088EE00D65B89 = {
						CreatedOnToolsVersion = 7.3;
					};
					8BEFE0D51CC088EF00D65B89 = {
						CreatedOnToolsVersion = 7.3;
						TestTargetID = 8BEFE0C11CC088EE00D65B89;
					};
					8BEFE0E01CC088EF00D65B89 = {
						CreatedOnToolsVersion = 7.3;
						TestTargetID = 8BEFE0C11CC088EE00D65B89;
					};
				};
			};
			buildConfigurationList = 8BEFE0BD1CC088EE00D65B89 /* Build configuration list for PBXProject "PlayingHand" */;
			compatibilityVersion = "Xcode 3.2";
			developmentRegion = English;
			hasScannedForEncodings = 0;
			knownRegions = (
				en,
				Base,
			);
			mainGroup = 8BEFE0B91CC088EE00D65B89;
			productRefGroup = 8BEFE0C31CC088EF00D65B89 /* Products */;
			projectDirPath = "";
			projectRoot = "";
			targets = (
				8BEFE0C11CC088EE00D65B89 /* PlayingHand */,
				8BEFE0D51CC088EF00D65B89 /* PlayingHandTests */,
				8BEFE0E01CC088EF00D65B89 /* PlayingHandUITests */,
			);
		};
/* End PBXProject section */

/* Begin PBXResourcesBuildPhase section */
		8BEFE0C01CC088EE00D65B89 /* Resources */ = {
			isa = PBXResourcesBuildPhase;
			buildActionMask = 2147483647;
			files = (
				8B4611331D25F4BF000880A7 /* after_success_script.sh in Resources */,
				8B4AC5961D221E85005EC7A1 /* .travis.yml in Resources */,
				8B46112E1D25F452000880A7 /* Fastfile in Resources */,
				8B6E73801CCEA24300DA42AA /* PlayingHandTestResults.png in Resources */,
				8BEFE0D01CC088EF00D65B89 /* LaunchScreen.storyboard in Resources */,
				8BEFE0CD1CC088EF00D65B89 /* Assets.xcassets in Resources */,
				8BEFE0CB1CC088EF00D65B89 /* Main.storyboard in Resources */,
				8B6E737F1CCEA24300DA42AA /* PlayingHandDemo.gif in Resources */,
				8B4611311D25F4AA000880A7 /* script.sh in Resources */,
			);
			runOnlyForDeploymentPostprocessing = 0;
		};
		8BEFE0D41CC088EF00D65B89 /* Resources */ = {
			isa = PBXResourcesBuildPhase;
			buildActionMask = 2147483647;
			files = (
			);
			runOnlyForDeploymentPostprocessing = 0;
		};
		8BEFE0DF1CC088EF00D65B89 /* Resources */ = {
			isa = PBXResourcesBuildPhase;
			buildActionMask = 2147483647;
			files = (
			);
			runOnlyForDeploymentPostprocessing = 0;
		};
/* End PBXResourcesBuildPhase section */

/* Begin PBXSourcesBuildPhase section */
		8BEFE0BE1CC088EE00D65B89 /* Sources */ = {
			isa = PBXSourcesBuildPhase;
			buildActionMask = 2147483647;
			files = (
				8B0815051CC2E59F0006769F /* DataSource.swift in Sources */,
				8BEFE0F41CC0891500D65B89 /* HandViewController.swift in Sources */,
				8BEFE0C61CC088EF00D65B89 /* AppDelegate.swift in Sources */,
				8B08150B1CC2F4310006769F /* HandDataSource.swift in Sources */,
				8B0815071CC2E8DD0006769F /* SourceType.swift in Sources */,
				8B0815031CC2DFEA0006769F /* Set+.swift in Sources */,
				8B0815091CC2EAD40006769F /* DataType.swift in Sources */,
				8B08150D1CC2F68E0006769F /* Card.swift in Sources */,
				8BEFE0F61CC08D7100D65B89 /* Hand.swift in Sources */,
				8B6E737C1CCEA1B500DA42AA /* README.md in Sources */,
				8BEFE0F81CC098F800D65B89 /* CardCell.swift in Sources */,
			);
			runOnlyForDeploymentPostprocessing = 0;
		};
		8BEFE0D21CC088EF00D65B89 /* Sources */ = {
			isa = PBXSourcesBuildPhase;
			buildActionMask = 2147483647;
			files = (
				8B334F6D1CC99EAB00B2E754 /* HandTests.swift in Sources */,
				8B334F751CC9A1EC00B2E754 /* HandDataSourceTests.swift in Sources */,
				8B334F6B1CC99D2600B2E754 /* CardTests.swift in Sources */,
				8BEFE0DB1CC088EF00D65B89 /* PlayingHandTests.swift in Sources */,
			);
			runOnlyForDeploymentPostprocessing = 0;
		};
		8BEFE0DD1CC088EF00D65B89 /* Sources */ = {
			isa = PBXSourcesBuildPhase;
			buildActionMask = 2147483647;
			files = (
				8BEFE0E61CC088EF00D65B89 /* PlayingHandUITests.swift in Sources */,
			);
			runOnlyForDeploymentPostprocessing = 0;
		};
/* End PBXSourcesBuildPhase section */

/* Begin PBXTargetDependency section */
		8BEFE0D81CC088EF00D65B89 /* PBXTargetDependency */ = {
			isa = PBXTargetDependency;
			target = 8BEFE0C11CC088EE00D65B89 /* PlayingHand */;
			targetProxy = 8BEFE0D71CC088EF00D65B89 /* PBXContainerItemProxy */;
		};
		8BEFE0E31CC088EF00D65B89 /* PBXTargetDependency */ = {
			isa = PBXTargetDependency;
			target = 8BEFE0C11CC088EE00D65B89 /* PlayingHand */;
			targetProxy = 8BEFE0E21CC088EF00D65B89 /* PBXContainerItemProxy */;
		};
/* End PBXTargetDependency section */

/* Begin PBXVariantGroup section */
		8BEFE0C91CC088EF00D65B89 /* Main.storyboard */ = {
			isa = PBXVariantGroup;
			children = (
				8BEFE0CA1CC088EF00D65B89 /* Base */,
			);
			name = Main.storyboard;
			sourceTree = "<group>";
		};
		8BEFE0CE1CC088EF00D65B89 /* LaunchScreen.storyboard */ = {
			isa = PBXVariantGroup;
			children = (
				8BEFE0CF1CC088EF00D65B89 /* Base */,
			);
			name = LaunchScreen.storyboard;
			sourceTree = "<group>";
		};
/* End PBXVariantGroup section */

/* Begin XCBuildConfiguration section */
		8BEFE0E81CC088EF00D65B89 /* Debug */ = {
			isa = XCBuildConfiguration;
			buildSettings = {
				ALWAYS_SEARCH_USER_PATHS = NO;
				CLANG_ANALYZER_NONNULL = YES;
				CLANG_CXX_LANGUAGE_STANDARD = "gnu++0x";
				CLANG_CXX_LIBRARY = "libc++";
				CLANG_ENABLE_MODULES = YES;
				CLANG_ENABLE_OBJC_ARC = YES;
				CLANG_WARN_BOOL_CONVERSION = YES;
				CLANG_WARN_CONSTANT_CONVERSION = YES;
				CLANG_WARN_DIRECT_OBJC_ISA_USAGE = YES_ERROR;
				CLANG_WARN_EMPTY_BODY = YES;
				CLANG_WARN_ENUM_CONVERSION = YES;
				CLANG_WARN_INT_CONVERSION = YES;
				CLANG_WARN_OBJC_ROOT_CLASS = YES_ERROR;
				CLANG_WARN_UNREACHABLE_CODE = YES;
				CLANG_WARN__DUPLICATE_METHOD_MATCH = YES;
				"CODE_SIGN_IDENTITY[sdk=iphoneos*]" = "iPhone Developer";
				COPY_PHASE_STRIP = NO;
				DEBUG_INFORMATION_FORMAT = dwarf;
				ENABLE_STRICT_OBJC_MSGSEND = YES;
				ENABLE_TESTABILITY = YES;
				GCC_C_LANGUAGE_STANDARD = gnu99;
				GCC_DYNAMIC_NO_PIC = NO;
				GCC_NO_COMMON_BLOCKS = YES;
				GCC_OPTIMIZATION_LEVEL = 0;
				GCC_PREPROCESSOR_DEFINITIONS = (
					"DEBUG=1",
					"$(inherited)",
				);
				GCC_WARN_64_TO_32_BIT_CONVERSION = YES;
				GCC_WARN_ABOUT_RETURN_TYPE = YES_ERROR;
				GCC_WARN_UNDECLARED_SELECTOR = YES;
				GCC_WARN_UNINITIALIZED_AUTOS = YES_AGGRESSIVE;
				GCC_WARN_UNUSED_FUNCTION = YES;
				GCC_WARN_UNUSED_VARIABLE = YES;
				IPHONEOS_DEPLOYMENT_TARGET = 9.3;
				MTL_ENABLE_DEBUG_INFO = YES;
				ONLY_ACTIVE_ARCH = YES;
				SDKROOT = iphoneos;
				SWIFT_OPTIMIZATION_LEVEL = "-Onone";
				TARGETED_DEVICE_FAMILY = "1,2";
			};
			name = Debug;
		};
		8BEFE0E91CC088EF00D65B89 /* Release */ = {
			isa = XCBuildConfiguration;
			buildSettings = {
				ALWAYS_SEARCH_USER_PATHS = NO;
				CLANG_ANALYZER_NONNULL = YES;
				CLANG_CXX_LANGUAGE_STANDARD = "gnu++0x";
				CLANG_CXX_LIBRARY = "libc++";
				CLANG_ENABLE_MODULES = YES;
				CLANG_ENABLE_OBJC_ARC = YES;
				CLANG_WARN_BOOL_CONVERSION = YES;
				CLANG_WARN_CONSTANT_CONVERSION = YES;
				CLANG_WARN_DIRECT_OBJC_ISA_USAGE = YES_ERROR;
				CLANG_WARN_EMPTY_BODY = YES;
				CLANG_WARN_ENUM_CONVERSION = YES;
				CLANG_WARN_INT_CONVERSION = YES;
				CLANG_WARN_OBJC_ROOT_CLASS = YES_ERROR;
				CLANG_WARN_UNREACHABLE_CODE = YES;
				CLANG_WARN__DUPLICATE_METHOD_MATCH = YES;
				"CODE_SIGN_IDENTITY[sdk=iphoneos*]" = "iPhone Developer";
				COPY_PHASE_STRIP = NO;
				DEBUG_INFORMATION_FORMAT = "dwarf-with-dsym";
				ENABLE_NS_ASSERTIONS = NO;
				ENABLE_STRICT_OBJC_MSGSEND = YES;
				GCC_C_LANGUAGE_STANDARD = gnu99;
				GCC_NO_COMMON_BLOCKS = YES;
				GCC_WARN_64_TO_32_BIT_CONVERSION = YES;
				GCC_WARN_ABOUT_RETURN_TYPE = YES_ERROR;
				GCC_WARN_UNDECLARED_SELECTOR = YES;
				GCC_WARN_UNINITIALIZED_AUTOS = YES_AGGRESSIVE;
				GCC_WARN_UNUSED_FUNCTION = YES;
				GCC_WARN_UNUSED_VARIABLE = YES;
				IPHONEOS_DEPLOYMENT_TARGET = 9.3;
				MTL_ENABLE_DEBUG_INFO = NO;
				SDKROOT = iphoneos;
				TARGETED_DEVICE_FAMILY = "1,2";
				VALIDATE_PRODUCT = YES;
			};
			name = Release;
		};
		8BEFE0EB1CC088EF00D65B89 /* Debug */ = {
			isa = XCBuildConfiguration;
			buildSettings = {
				ASSETCATALOG_COMPILER_APPICON_NAME = AppIcon;
				INFOPLIST_FILE = PlayingHand/Info.plist;
				LD_RUNPATH_SEARCH_PATHS = "$(inherited) @executable_path/Frameworks";
				PRODUCT_BUNDLE_IDENTIFIER = tvluong.PlayingHand;
				PRODUCT_NAME = "$(TARGET_NAME)";
			};
			name = Debug;
		};
		8BEFE0EC1CC088EF00D65B89 /* Release */ = {
			isa = XCBuildConfiguration;
			buildSettings = {
				ASSETCATALOG_COMPILER_APPICON_NAME = AppIcon;
				INFOPLIST_FILE = PlayingHand/Info.plist;
				LD_RUNPATH_SEARCH_PATHS = "$(inherited) @executable_path/Frameworks";
				PRODUCT_BUNDLE_IDENTIFIER = tvluong.PlayingHand;
				PRODUCT_NAME = "$(TARGET_NAME)";
			};
			name = Release;
		};
		8BEFE0EE1CC088EF00D65B89 /* Debug */ = {
			isa = XCBuildConfiguration;
			buildSettings = {
				BUNDLE_LOADER = "$(TEST_HOST)";
				INFOPLIST_FILE = PlayingHandTests/Info.plist;
				LD_RUNPATH_SEARCH_PATHS = "$(inherited) @executable_path/Frameworks @loader_path/Frameworks";
				PRODUCT_BUNDLE_IDENTIFIER = tvluong.PlayingHandTests;
				PRODUCT_NAME = "$(TARGET_NAME)";
				TEST_HOST = "$(BUILT_PRODUCTS_DIR)/PlayingHand.app/PlayingHand";
			};
			name = Debug;
		};
		8BEFE0EF1CC088EF00D65B89 /* Release */ = {
			isa = XCBuildConfiguration;
			buildSettings = {
				BUNDLE_LOADER = "$(TEST_HOST)";
				INFOPLIST_FILE = PlayingHandTests/Info.plist;
				LD_RUNPATH_SEARCH_PATHS = "$(inherited) @executable_path/Frameworks @loader_path/Frameworks";
				PRODUCT_BUNDLE_IDENTIFIER = tvluong.PlayingHandTests;
				PRODUCT_NAME = "$(TARGET_NAME)";
				TEST_HOST = "$(BUILT_PRODUCTS_DIR)/PlayingHand.app/PlayingHand";
			};
			name = Release;
		};
		8BEFE0F11CC088EF00D65B89 /* Debug */ = {
			isa = XCBuildConfiguration;
			buildSettings = {
				INFOPLIST_FILE = PlayingHandUITests/Info.plist;
				LD_RUNPATH_SEARCH_PATHS = "$(inherited) @executable_path/Frameworks @loader_path/Frameworks";
				PRODUCT_BUNDLE_IDENTIFIER = tvluong.PlayingHandUITests;
				PRODUCT_NAME = "$(TARGET_NAME)";
				TEST_TARGET_NAME = PlayingHand;
			};
			name = Debug;
		};
		8BEFE0F21CC088EF00D65B89 /* Release */ = {
			isa = XCBuildConfiguration;
			buildSettings = {
				INFOPLIST_FILE = PlayingHandUITests/Info.plist;
				LD_RUNPATH_SEARCH_PATHS = "$(inherited) @executable_path/Frameworks @loader_path/Frameworks";
				PRODUCT_BUNDLE_IDENTIFIER = tvluong.PlayingHandUITests;
				PRODUCT_NAME = "$(TARGET_NAME)";
				TEST_TARGET_NAME = PlayingHand;
			};
			name = Release;
		};
/* End XCBuildConfiguration section */

/* Begin XCConfigurationList section */
		8BEFE0BD1CC088EE00D65B89 /* Build configuration list for PBXProject "PlayingHand" */ = {
			isa = XCConfigurationList;
			buildConfigurations = (
				8BEFE0E81CC088EF00D65B89 /* Debug */,
				8BEFE0E91CC088EF00D65B89 /* Release */,
			);
			defaultConfigurationIsVisible = 0;
			defaultConfigurationName = Release;
		};
		8BEFE0EA1CC088EF00D65B89 /* Build configuration list for PBXNativeTarget "PlayingHand" */ = {
			isa = XCConfigurationList;
			buildConfigurations = (
				8BEFE0EB1CC088EF00D65B89 /* Debug */,
				8BEFE0EC1CC088EF00D65B89 /* Release */,
			);
			defaultConfigurationIsVisible = 0;
			defaultConfigurationName = Release;
		};
		8BEFE0ED1CC088EF00D65B89 /* Build configuration list for PBXNativeTarget "PlayingHandTests" */ = {
			isa = XCConfigurationList;
			buildConfigurations = (
				8BEFE0EE1CC088EF00D65B89 /* Debug */,
				8BEFE0EF1CC088EF00D65B89 /* Release */,
			);
			defaultConfigurationIsVisible = 0;
			defaultConfigurationName = Release;
		};
		8BEFE0F01CC088EF00D65B89 /* Build configuration list for PBXNativeTarget "PlayingHandUITests" */ = {
			isa = XCConfigurationList;
			buildConfigurations = (
				8BEFE0F11CC088EF00D65B89 /* Debug */,
				8BEFE0F21CC088EF00D65B89 /* Release */,
			);
			defaultConfigurationIsVisible = 0;
			defaultConfigurationName = Release;
		};
/* End XCConfigurationList section */
	};
	rootObject = 8BEFE0BA1CC088EE00D65B89 /* Project object */;
}
